{
  "name": "VeloCity",
  "lockfileVersion": 3,
  "requires": true,
  "packages": {
    "": {
      "dependencies": {
        "create-vite": "^4.1.0"
      }
    },
    "node_modules/create-vite": {
      "version": "4.1.0",
      "resolved": "https://registry.npmjs.org/create-vite/-/create-vite-4.1.0.tgz",
      "integrity": "sha512-IQAkwLJcp/6fQUnB2CBxTnsT5xfaHDUTCUi/LLWZTrzfrhVvtoKv9eHuXoG+XzyOyNgqUPJi9aNzwTXqSHw8Vg==",
      "bin": {
        "create-vite": "index.js",
        "cva": "index.js"
      },
      "engines": {
        "node": "^14.18.0 || >=16.0.0"
      }
    }
  }
}
